
Microsoft Visual Studio Solution File, Format Version 12.00
# Visual Studio Version 16
VisualStudioVersion = 16.0.30804.86
MinimumVisualStudioVersion = 10.0.40219.1
Project("{9A19103F-16F7-4668-BE54-9A1E7A4F7556}") = "CaseStudyMars", "CaseStudyMars.csproj", "{A6F5491C-846D-42ED-8649-D77AAF4E624F}"
EndProject
Project("{FAE04EC0-301F-11D3-BF4B-00C04F79EFBC}") = "CaseStudyMarsTest", "..\CaseStudyMarsTest\CaseStudyMarsTest.csproj", "{BF52BFDD-7E1D-4699-9243-B04F8F4613E1}"
EndProject
Global
	GlobalSection(SolutionConfigurationPlatforms) = preSolution
		Debug|Any CPU = Debug|Any CPU
		Release|Any CPU = Release|Any CPU
	EndGlobalSection
	GlobalSection(ProjectConfigurationPlatforms) = postSolution
		{A6F5491C-846D-42ED-8649-D77AAF4E624F}.Debug|Any CPU.ActiveCfg = Debug|Any CPU
		{A6F5491C-846D-42ED-8649-D77AAF4E624F}.Debug|Any CPU.Build.0 = Debug|Any CPU
		{A6F5491C-846D-42ED-8649-D77AAF4E624F}.Release|Any CPU.ActiveCfg = Release|Any CPU
		{A6F5491C-846D-42ED-8649-D77AAF4E624F}.Release|Any CPU.Build.0 = Release|Any CPU
		{BF52BFDD-7E1D-4699-9243-B04F8F4613E1}.Debug|Any CPU.ActiveCfg = Debug|Any CPU
		{BF52BFDD-7E1D-4699-9243-B04F8F4613E1}.Debug|Any CPU.Build.0 = Debug|Any CPU
		{BF52BFDD-7E1D-4699-9243-B04F8F4613E1}.Release|Any CPU.ActiveCfg = Release|Any CPU
		{BF52BFDD-7E1D-4699-9243-B04F8F4613E1}.Release|Any CPU.Build.0 = Release|Any CPU
	EndGlobalSection
	GlobalSection(SolutionProperties) = preSolution
		HideSolutionNode = FALSE
	EndGlobalSection
	GlobalSection(ExtensibilityGlobals) = postSolution
		SolutionGuid = {B8C656F3-7529-4E1F-B86D-01E9B7D28027}
	EndGlobalSection
EndGlobal
